
Microsoft Visual Studio Solution File, Format Version 12.00
# Visual Studio Version 17
VisualStudioVersion = 17.14.36301.6
MinimumVisualStudioVersion = 10.0.40219.1
Project("{FAE04EC0-301F-11D3-BF4B-00C04F79EFBC}") = "SiteManagerV2", "SiteManagerV2\SiteManagerV2\SiteManagerV2.csproj", "{8E349987-9AAA-4062-B953-C71116F1596B}"
EndProject
Project("{FAE04EC0-301F-11D3-BF4B-00C04F79EFBC}") = "SiteManagerV2.Client", "SiteManagerV2\SiteManagerV2.Client\SiteManagerV2.Client.csproj", "{4DF7C45C-233A-4E53-8B71-901F79687A8D}"
EndProject
Global
	GlobalSection(SolutionConfigurationPlatforms) = preSolution
		Debug|Any CPU = Debug|Any CPU
		Release|Any CPU = Release|Any CPU
	EndGlobalSection
	GlobalSection(ProjectConfigurationPlatforms) = postSolution
		{8E349987-9AAA-4062-B953-C71116F1596B}.Debug|Any CPU.ActiveCfg = Debug|Any CPU
		{8E349987-9AAA-4062-B953-C71116F1596B}.Debug|Any CPU.Build.0 = Debug|Any CPU
		{8E349987-9AAA-4062-B953-C71116F1596B}.Release|Any CPU.ActiveCfg = Release|Any CPU
		{8E349987-9AAA-4062-B953-C71116F1596B}.Release|Any CPU.Build.0 = Release|Any CPU
		{4DF7C45C-233A-4E53-8B71-901F79687A8D}.Debug|Any CPU.ActiveCfg = Debug|Any CPU
		{4DF7C45C-233A-4E53-8B71-901F79687A8D}.Debug|Any CPU.Build.0 = Debug|Any CPU
		{4DF7C45C-233A-4E53-8B71-901F79687A8D}.Release|Any CPU.ActiveCfg = Release|Any CPU
		{4DF7C45C-233A-4E53-8B71-901F79687A8D}.Release|Any CPU.Build.0 = Release|Any CPU
	EndGlobalSection
	GlobalSection(SolutionProperties) = preSolution
		HideSolutionNode = FALSE
	EndGlobalSection
	GlobalSection(ExtensibilityGlobals) = postSolution
		SolutionGuid = {52B565FC-9BBE-4702-B23D-1B63E08D4117}
	EndGlobalSection
EndGlobal
